// !$*UTF8*$!
{
	archiveVersion = 1;
	classes = {
	};
	objectVersion = 56;
	objects = {

/* Begin PBXBuildFile section */
		940FC2FE29C2D75900C88286 /* main.cpp in Sources */ = {isa = PBXBuildFile; fileRef = 940FC2FD29C2D75900C88286 /* main.cpp */; };
		940FC30629C2D77F00C88286 /* SDL2.framework in Frameworks */ = {isa = PBXBuildFile; fileRef = 940FC30529C2D77F00C88286 /* SDL2.framework */; };
		940FC30A29C2DC3000C88286 /* digger.cpp in Sources */ = {isa = PBXBuildFile; fileRef = 940FC30829C2DC3000C88286 /* digger.cpp */; };
		940FC30D29C2E08D00C88286 /* game.cpp in Sources */ = {isa = PBXBuildFile; fileRef = 940FC30B29C2E08D00C88286 /* game.cpp */; };
		940FC31029C2E96D00C88286 /* block.cpp in Sources */ = {isa = PBXBuildFile; fileRef = 940FC30E29C2E96D00C88286 /* block.cpp */; };
		940FC31329C30B9B00C88286 /* constants.cpp in Sources */ = {isa = PBXBuildFile; fileRef = 940FC31129C30B9B00C88286 /* constants.cpp */; };
/* End PBXBuildFile section */

/* Begin PBXCopyFilesBuildPhase section */
		940FC2F829C2D75900C88286 /* CopyFiles */ = {
			isa = PBXCopyFilesBuildPhase;
			buildActionMask = 2147483647;
			dstPath = /usr/share/man/man1/;
			dstSubfolderSpec = 0;
			files = (
			);
			runOnlyForDeploymentPostprocessing = 1;
		};
/* End PBXCopyFilesBuildPhase section */

/* Begin PBXFileReference section */
		940FC2FA29C2D75900C88286 /* SuperDigger */ = {isa = PBXFileReference; explicitFileType = "compiled.mach-o.executable"; includeInIndex = 0; path = SuperDigger; sourceTree = BUILT_PRODUCTS_DIR; };
		940FC2FD29C2D75900C88286 /* main.cpp */ = {isa = PBXFileReference; lastKnownFileType = sourcecode.cpp.cpp; path = main.cpp; sourceTree = "<group>"; };
		940FC30529C2D77F00C88286 /* SDL2.framework */ = {isa = PBXFileReference; lastKnownFileType = wrapper.framework; name = SDL2.framework; path = ../../../../../../Library/Frameworks/SDL2.framework; sourceTree = "<group>"; };
		940FC30729C2DBB800C88286 /* map.txt */ = {isa = PBXFileReference; lastKnownFileType = text; path = map.txt; sourceTree = "<group>"; };
		940FC30829C2DC3000C88286 /* digger.cpp */ = {isa = PBXFileReference; lastKnownFileType = sourcecode.cpp.cpp; path = digger.cpp; sourceTree = "<group>"; };
		940FC30929C2DC3000C88286 /* digger.hpp */ = {isa = PBXFileReference; lastKnownFileType = sourcecode.cpp.h; path = digger.hpp; sourceTree = "<group>"; };
		940FC30B29C2E08D00C88286 /* game.cpp */ = {isa = PBXFileReference; lastKnownFileType = sourcecode.cpp.cpp; path = game.cpp; sourceTree = "<group>"; };
		940FC30C29C2E08D00C88286 /* game.hpp */ = {isa = PBXFileReference; lastKnownFileType = sourcecode.cpp.h; path = game.hpp; sourceTree = "<group>"; };
		940FC30E29C2E96D00C88286 /* block.cpp */ = {isa = PBXFileReference; lastKnownFileType = sourcecode.cpp.cpp; path = block.cpp; sourceTree = "<group>"; };
		940FC30F29C2E96D00C88286 /* block.hpp */ = {isa = PBXFileReference; lastKnownFileType = sourcecode.cpp.h; path = block.hpp; sourceTree = "<group>"; };
		940FC31129C30B9B00C88286 /* constants.cpp */ = {isa = PBXFileReference; lastKnownFileType = sourcecode.cpp.cpp; path = constants.cpp; sourceTree = "<group>"; };
		940FC31229C30B9B00C88286 /* constants.hpp */ = {isa = PBXFileReference; lastKnownFileType = sourcecode.cpp.h; path = constants.hpp; sourceTree = "<group>"; };
/* End PBXFileReference section */

/* Begin PBXFrameworksBuildPhase section */
		940FC2F729C2D75900C88286 /* Frameworks */ = {
			isa = PBXFrameworksBuildPhase;
			buildActionMask = 2147483647;
			files = (
				940FC30629C2D77F00C88286 /* SDL2.framework in Frameworks */,
			);
			runOnlyForDeploymentPostprocessing = 0;
		};
/* End PBXFrameworksBuildPhase section */

/* Begin PBXGroup section */
		940FC2F129C2D75900C88286 = {
			isa = PBXGroup;
			children = (
				940FC2FC29C2D75900C88286 /* SuperDigger */,
				940FC2FB29C2D75900C88286 /* Products */,
				940FC30429C2D77F00C88286 /* Frameworks */,
			);
			sourceTree = "<group>";
		};
		940FC2FB29C2D75900C88286 /* Products */ = {
			isa = PBXGroup;
			children = (
				940FC2FA29C2D75900C88286 /* SuperDigger */,
			);
			name = Products;
			sourceTree = "<group>";
		};
		940FC2FC29C2D75900C88286 /* SuperDigger */ = {
			isa = PBXGroup;
			children = (
				940FC30729C2DBB800C88286 /* map.txt */,
				940FC2FD29C2D75900C88286 /* main.cpp */,
				940FC30B29C2E08D00C88286 /* game.cpp */,
				940FC30E29C2E96D00C88286 /* block.cpp */,
				940FC30F29C2E96D00C88286 /* block.hpp */,
				940FC31129C30B9B00C88286 /* constants.cpp */,
				940FC31229C30B9B00C88286 /* constants.hpp */,
				940FC30C29C2E08D00C88286 /* game.hpp */,
				940FC30829C2DC3000C88286 /* digger.cpp */,
				940FC30929C2DC3000C88286 /* digger.hpp */,
			);
			path = SuperDigger;
			sourceTree = "<group>";
		};
		940FC30429C2D77F00C88286 /* Frameworks */ = {
			isa = PBXGroup;
			children = (
				940FC30529C2D77F00C88286 /* SDL2.framework */,
			);
			name = Frameworks;
			sourceTree = "<group>";
		};
/* End PBXGroup section */

/* Begin PBXNativeTarget section */
		940FC2F929C2D75900C88286 /* SuperDigger */ = {
			isa = PBXNativeTarget;
			buildConfigurationList = 940FC30129C2D75900C88286 /* Build configuration list for PBXNativeTarget "SuperDigger" */;
			buildPhases = (
				940FC2F629C2D75900C88286 /* Sources */,
				940FC2F729C2D75900C88286 /* Frameworks */,
				940FC2F829C2D75900C88286 /* CopyFiles */,
			);
			buildRules = (
			);
			dependencies = (
			);
			name = SuperDigger;
			productName = SuperDigger;
			productReference = 940FC2FA29C2D75900C88286 /* SuperDigger */;
			productType = "com.apple.product-type.tool";
		};
/* End PBXNativeTarget section */

/* Begin PBXProject section */
		940FC2F229C2D75900C88286 /* Project object */ = {
			isa = PBXProject;
			attributes = {
				BuildIndependentTargetsInParallel = 1;
				LastUpgradeCheck = 1420;
				TargetAttributes = {
					940FC2F929C2D75900C88286 = {
						CreatedOnToolsVersion = 14.2;
					};
				};
			};
			buildConfigurationList = 940FC2F529C2D75900C88286 /* Build configuration list for PBXProject "SuperDigger" */;
			compatibilityVersion = "Xcode 14.0";
			developmentRegion = en;
			hasScannedForEncodings = 0;
			knownRegions = (
				en,
				Base,
			);
			mainGroup = 940FC2F129C2D75900C88286;
			productRefGroup = 940FC2FB29C2D75900C88286 /* Products */;
			projectDirPath = "";
			projectRoot = "";
			targets = (
				940FC2F929C2D75900C88286 /* SuperDigger */,
			);
		};
/* End PBXProject section */

/* Begin PBXSourcesBuildPhase section */
		940FC2F629C2D75900C88286 /* Sources */ = {
			isa = PBXSourcesBuildPhase;
			buildActionMask = 2147483647;
			files = (
				940FC2FE29C2D75900C88286 /* main.cpp in Sources */,
				940FC31029C2E96D00C88286 /* block.cpp in Sources */,
				940FC30A29C2DC3000C88286 /* digger.cpp in Sources */,
				940FC31329C30B9B00C88286 /* constants.cpp in Sources */,
				940FC30D29C2E08D00C88286 /* game.cpp in Sources */,
			);
			runOnlyForDeploymentPostprocessing = 0;
		};
/* End PBXSourcesBuildPhase section */

/* Begin XCBuildConfiguration section */
		940FC2FF29C2D75900C88286 /* Debug */ = {
			isa = XCBuildConfiguration;
			buildSettings = {
				ALWAYS_SEARCH_USER_PATHS = NO;
				CLANG_ANALYZER_NONNULL = YES;
				CLANG_ANALYZER_NUMBER_OBJECT_CONVERSION = YES_AGGRESSIVE;
				CLANG_CXX_LANGUAGE_STANDARD = "gnu++20";
				CLANG_ENABLE_MODULES = YES;
				CLANG_ENABLE_OBJC_ARC = YES;
				CLANG_ENABLE_OBJC_WEAK = YES;
				CLANG_WARN_BLOCK_CAPTURE_AUTORELEASING = YES;
				CLANG_WARN_BOOL_CONVERSION = YES;
				CLANG_WARN_COMMA = YES;
				CLANG_WARN_CONSTANT_CONVERSION = YES;
				CLANG_WARN_DEPRECATED_OBJC_IMPLEMENTATIONS = YES;
				CLANG_WARN_DIRECT_OBJC_ISA_USAGE = YES_ERROR;
				CLANG_WARN_DOCUMENTATION_COMMENTS = YES;
				CLANG_WARN_EMPTY_BODY = YES;
				CLANG_WARN_ENUM_CONVERSION = YES;
				CLANG_WARN_INFINITE_RECURSION = YES;
				CLANG_WARN_INT_CONVERSION = YES;
				CLANG_WARN_NON_LITERAL_NULL_CONVERSION = YES;
				CLANG_WARN_OBJC_IMPLICIT_RETAIN_SELF = YES;
				CLANG_WARN_OBJC_LITERAL_CONVERSION = YES;
				CLANG_WARN_OBJC_ROOT_CLASS = YES_ERROR;
				CLANG_WARN_QUOTED_INCLUDE_IN_FRAMEWORK_HEADER = YES;
				CLANG_WARN_RANGE_LOOP_ANALYSIS = YES;
				CLANG_WARN_STRICT_PROTOTYPES = YES;
				CLANG_WARN_SUSPICIOUS_MOVE = YES;
				CLANG_WARN_UNGUARDED_AVAILABILITY = YES_AGGRESSIVE;
				CLANG_WARN_UNREACHABLE_CODE = YES;
				CLANG_WARN__DUPLICATE_METHOD_MATCH = YES;
				COPY_PHASE_STRIP = NO;
				DEBUG_INFORMATION_FORMAT = dwarf;
				ENABLE_STRICT_OBJC_MSGSEND = YES;
				ENABLE_TESTABILITY = YES;
				GCC_C_LANGUAGE_STANDARD = gnu11;
				GCC_DYNAMIC_NO_PIC = NO;
				GCC_NO_COMMON_BLOCKS = YES;
				GCC_OPTIMIZATION_LEVEL = 0;
				GCC_PREPROCESSOR_DEFINITIONS = (
					"DEBUG=1",
					"$(inherited)",
				);
				GCC_WARN_64_TO_32_BIT_CONVERSION = YES;
				GCC_WARN_ABOUT_RETURN_TYPE = YES_ERROR;
				GCC_WARN_UNDECLARED_SELECTOR = YES;
				GCC_WARN_UNINITIALIZED_AUTOS = YES_AGGRESSIVE;
				GCC_WARN_UNUSED_FUNCTION = YES;
				GCC_WARN_UNUSED_VARIABLE = YES;
				MACOSX_DEPLOYMENT_TARGET = 13.1;
				MTL_ENABLE_DEBUG_INFO = INCLUDE_SOURCE;
				MTL_FAST_MATH = YES;
				ONLY_ACTIVE_ARCH = YES;
				SDKROOT = macosx;
			};
			name = Debug;
		};
		940FC30029C2D75900C88286 /* Release */ = {
			isa = XCBuildConfiguration;
			buildSettings = {
				ALWAYS_SEARCH_USER_PATHS = NO;
				CLANG_ANALYZER_NONNULL = YES;
				CLANG_ANALYZER_NUMBER_OBJECT_CONVERSION = YES_AGGRESSIVE;
				CLANG_CXX_LANGUAGE_STANDARD = "gnu++20";
				CLANG_ENABLE_MODULES = YES;
				CLANG_ENABLE_OBJC_ARC = YES;
				CLANG_ENABLE_OBJC_WEAK = YES;
				CLANG_WARN_BLOCK_CAPTURE_AUTORELEASING = YES;
				CLANG_WARN_BOOL_CONVERSION = YES;
				CLANG_WARN_COMMA = YES;
				CLANG_WARN_CONSTANT_CONVERSION = YES;
				CLANG_WARN_DEPRECATED_OBJC_IMPLEMENTATIONS = YES;
				CLANG_WARN_DIRECT_OBJC_ISA_USAGE = YES_ERROR;
				CLANG_WARN_DOCUMENTATION_COMMENTS = YES;
				CLANG_WARN_EMPTY_BODY = YES;
				CLANG_WARN_ENUM_CONVERSION = YES;
				CLANG_WARN_INFINITE_RECURSION = YES;
				CLANG_WARN_INT_CONVERSION = YES;
				CLANG_WARN_NON_LITERAL_NULL_CONVERSION = YES;
				CLANG_WARN_OBJC_IMPLICIT_RETAIN_SELF = YES;
				CLANG_WARN_OBJC_LITERAL_CONVERSION = YES;
				CLANG_WARN_OBJC_ROOT_CLASS = YES_ERROR;
				CLANG_WARN_QUOTED_INCLUDE_IN_FRAMEWORK_HEADER = YES;
				CLANG_WARN_RANGE_LOOP_ANALYSIS = YES;
				CLANG_WARN_STRICT_PROTOTYPES = YES;
				CLANG_WARN_SUSPICIOUS_MOVE = YES;
				CLANG_WARN_UNGUARDED_AVAILABILITY = YES_AGGRESSIVE;
				CLANG_WARN_UNREACHABLE_CODE = YES;
				CLANG_WARN__DUPLICATE_METHOD_MATCH = YES;
				COPY_PHASE_STRIP = NO;
				DEBUG_INFORMATION_FORMAT = "dwarf-with-dsym";
				ENABLE_NS_ASSERTIONS = NO;
				ENABLE_STRICT_OBJC_MSGSEND = YES;
				GCC_C_LANGUAGE_STANDARD = gnu11;
				GCC_NO_COMMON_BLOCKS = YES;
				GCC_WARN_64_TO_32_BIT_CONVERSION = YES;
				GCC_WARN_ABOUT_RETURN_TYPE = YES_ERROR;
				GCC_WARN_UNDECLARED_SELECTOR = YES;
				GCC_WARN_UNINITIALIZED_AUTOS = YES_AGGRESSIVE;
				GCC_WARN_UNUSED_FUNCTION = YES;
				GCC_WARN_UNUSED_VARIABLE = YES;
				MACOSX_DEPLOYMENT_TARGET = 13.1;
				MTL_ENABLE_DEBUG_INFO = NO;
				MTL_FAST_MATH = YES;
				SDKROOT = macosx;
			};
			name = Release;
		};
		940FC30229C2D75900C88286 /* Debug */ = {
			isa = XCBuildConfiguration;
			buildSettings = {
				CODE_SIGN_STYLE = Automatic;
				FRAMEWORK_SEARCH_PATHS = (
					"$(inherited)",
					"$(LOCAL_LIBRARY_DIR)/Frameworks",
				);
				PRODUCT_NAME = "$(TARGET_NAME)";
			};
			name = Debug;
		};
		940FC30329C2D75900C88286 /* Release */ = {
			isa = XCBuildConfiguration;
			buildSettings = {
				CODE_SIGN_STYLE = Automatic;
				FRAMEWORK_SEARCH_PATHS = (
					"$(inherited)",
					"$(LOCAL_LIBRARY_DIR)/Frameworks",
				);
				PRODUCT_NAME = "$(TARGET_NAME)";
			};
			name = Release;
		};
/* End XCBuildConfiguration section */

/* Begin XCConfigurationList section */
		940FC2F529C2D75900C88286 /* Build configuration list for PBXProject "SuperDigger" */ = {
			isa = XCConfigurationList;
			buildConfigurations = (
				940FC2FF29C2D75900C88286 /* Debug */,
				940FC30029C2D75900C88286 /* Release */,
			);
			defaultConfigurationIsVisible = 0;
			defaultConfigurationName = Release;
		};
		940FC30129C2D75900C88286 /* Build configuration list for PBXNativeTarget "SuperDigger" */ = {
			isa = XCConfigurationList;
			buildConfigurations = (
				940FC30229C2D75900C88286 /* Debug */,
				940FC30329C2D75900C88286 /* Release */,
			);
			defaultConfigurationIsVisible = 0;
			defaultConfigurationName = Release;
		};
/* End XCConfigurationList section */
	};
	rootObject = 940FC2F229C2D75900C88286 /* Project object */;
}
